
Microsoft Visual Studio Solution File, Format Version 12.00
# Visual Studio Version 17
VisualStudioVersion = 17.9.34723.18
MinimumVisualStudioVersion = 10.0.40219.1
Project("{9A19103F-16F7-4668-BE54-9A1E7A4F7556}") = "API-Server", "API-Server\API-Server.csproj", "{86D2BB77-E0CC-4C10-8F62-F476D0CF8865}"
EndProject
Project("{E53339B2-1760-4266-BCC7-CA923CBCF16C}") = "docker-compose", "docker-compose.dcproj", "{BD988AA4-B31A-400A-9795-F487B18533CC}"
EndProject
Global
	GlobalSection(SolutionConfigurationPlatforms) = preSolution
		Debug|Any CPU = Debug|Any CPU
		Release|Any CPU = Release|Any CPU
	EndGlobalSection
	GlobalSection(ProjectConfigurationPlatforms) = postSolution
		{86D2BB77-E0CC-4C10-8F62-F476D0CF8865}.Debug|Any CPU.ActiveCfg = Debug|Any CPU
		{86D2BB77-E0CC-4C10-8F62-F476D0CF8865}.Debug|Any CPU.Build.0 = Debug|Any CPU
		{86D2BB77-E0CC-4C10-8F62-F476D0CF8865}.Release|Any CPU.ActiveCfg = Release|Any CPU
		{86D2BB77-E0CC-4C10-8F62-F476D0CF8865}.Release|Any CPU.Build.0 = Release|Any CPU
		{BD988AA4-B31A-400A-9795-F487B18533CC}.Debug|Any CPU.ActiveCfg = Debug|Any CPU
		{BD988AA4-B31A-400A-9795-F487B18533CC}.Debug|Any CPU.Build.0 = Debug|Any CPU
		{BD988AA4-B31A-400A-9795-F487B18533CC}.Release|Any CPU.ActiveCfg = Release|Any CPU
		{BD988AA4-B31A-400A-9795-F487B18533CC}.Release|Any CPU.Build.0 = Release|Any CPU
	EndGlobalSection
	GlobalSection(SolutionProperties) = preSolution
		HideSolutionNode = FALSE
	EndGlobalSection
	GlobalSection(ExtensibilityGlobals) = postSolution
		SolutionGuid = {DAF41F07-A173-4F0C-B44A-5FB0F0B7810A}
	EndGlobalSection
EndGlobal
